# PUBLICIDADE — NÃO ALTERAR
# locked 2026-08-04T14:54:09.600Z
# Scripts devem respeitar este arquivo e pular estes posters.

rico-joao.jpg
zaxy.jpg
adidas-pharrel.jpg
alpha-romeu.jpg
banco-do-brasil.jpg
buscopan.jpg
cannon-amor.jpg
cupnoodles.jpg
epson-canudos.jpg
granola.jpg
hidro.jpg
indaia.jpg
jeep-renegade.jpg
jeep-gladiator.jpg
marisa.jpg
ora-gwm.jpg
serasa-detetive.jpg
sonic-telecine.jpg
sony-bravia.jpg
tata-exa.jpg
tim-genius.jpg
